
Microsoft Visual Studio Solution File, Format Version 12.00
# Visual Studio Version 16
VisualStudioVersion = 16.0.30011.22
MinimumVisualStudioVersion = 10.0.40219.1
Project("{FAE04EC0-301F-11D3-BF4B-00C04F79EFBC}") = "SalesWebMvc", "SalesWebMvc\SalesWebMvc.csproj", "{8BB20786-D296-4B75-921F-D10F0FEEC772}"
EndProject
Global
	GlobalSection(SolutionConfigurationPlatforms) = preSolution
		Debug|Any CPU = Debug|Any CPU
		Release|Any CPU = Release|Any CPU
	EndGlobalSection
	GlobalSection(ProjectConfigurationPlatforms) = postSolution
		{8BB20786-D296-4B75-921F-D10F0FEEC772}.Debug|Any CPU.ActiveCfg = Debug|Any CPU
		{8BB20786-D296-4B75-921F-D10F0FEEC772}.Debug|Any CPU.Build.0 = Debug|Any CPU
		{8BB20786-D296-4B75-921F-D10F0FEEC772}.Release|Any CPU.ActiveCfg = Release|Any CPU
		{8BB20786-D296-4B75-921F-D10F0FEEC772}.Release|Any CPU.Build.0 = Release|Any CPU
	EndGlobalSection
	GlobalSection(SolutionProperties) = preSolution
		HideSolutionNode = FALSE
	EndGlobalSection
	GlobalSection(ExtensibilityGlobals) = postSolution
		SolutionGuid = {F86E9830-DBEF-4276-A227-64AAC58A6D57}
	EndGlobalSection
EndGlobal
